
Microsoft Visual Studio Solution File, Format Version 12.00
# Visual Studio 15
VisualStudioVersion = 15.0.26730.10
MinimumVisualStudioVersion = 10.0.40219.1
Project("{2150E333-8FDC-42A3-9474-1A3956D46DE8}") = "src", "src", "{FC653471-98EE-4337-821A-0D28EB3E75B3}"
EndProject
Project("{2150E333-8FDC-42A3-9474-1A3956D46DE8}") = "tests", "tests", "{0338AE99-455B-48F1-82E3-4CD0EC8B1D40}"
EndProject
Project("{9A19103F-16F7-4668-BE54-9A1E7A4F7556}") = "Ecommerce.Application", "src\Ecommerce.Application\Ecommerce.Application.csproj", "{9B6EE9E6-73B9-47F1-B7DD-D73A732C9062}"
EndProject
Project("{9A19103F-16F7-4668-BE54-9A1E7A4F7556}") = "Ecommerce.Data", "src\Ecommerce.Data\Ecommerce.Data.csproj", "{15E64461-88ED-4109-B0AD-1E622A32E7B5}"
EndProject
Project("{9A19103F-16F7-4668-BE54-9A1E7A4F7556}") = "Ecommerce.IoC", "src\Ecommerce.IoC\Ecommerce.IoC.csproj", "{C70DF3FE-5C46-45CB-86C1-AB19D09A9063}"
EndProject
Project("{9A19103F-16F7-4668-BE54-9A1E7A4F7556}") = "Ecommerce.Domain", "src\Ecommerce.Domain\Ecommerce.Domain.csproj", "{C0193C53-362E-4D4F-B9AD-2E5304BA10A1}"
EndProject
Project("{2150E333-8FDC-42A3-9474-1A3956D46DE8}") = "Solution Items", "Solution Items", "{1EA1F44F-430D-4BBA-981B-83C526861E7E}"
	ProjectSection(SolutionItems) = preProject
		DockerFile = DockerFile
	EndProjectSection
EndProject
Project("{9A19103F-16F7-4668-BE54-9A1E7A4F7556}") = "Ecommerce.Api", "src\Ecommerce.Api\Ecommerce.Api.csproj", "{5B0F4B44-965C-40F0-9A3C-796916B2AA90}"
EndProject
Project("{9A19103F-16F7-4668-BE54-9A1E7A4F7556}") = "Ecommerce.Core", "src\Ecommerce.Core\Ecommerce.Core.csproj", "{9044223C-FC67-4EC3-9470-785DA317A11B}"
EndProject
Project("{9A19103F-16F7-4668-BE54-9A1E7A4F7556}") = "Ecommerce.Application.Tests", "tests\Ecommerce.Application.Tests\Ecommerce.Application.Tests.csproj", "{80D7A084-18AA-4E99-9A93-92C24629D3B9}"
EndProject
Project("{9A19103F-16F7-4668-BE54-9A1E7A4F7556}") = "Ecommerce.Tests.Helpers", "tests\Ecommerce.Tests.Helpers\Ecommerce.Tests.Helpers.csproj", "{0E616F96-3C65-4157-AC0E-747324E400A3}"
EndProject
Project("{FAE04EC0-301F-11D3-BF4B-00C04F79EFBC}") = "Ecommerce.Data.Tests", "tests\Ecommerce.Data.Tests\Ecommerce.Data.Tests.csproj", "{59038F21-25DB-4393-B5DB-B6E77833FD4B}"
EndProject
Global
	GlobalSection(SolutionConfigurationPlatforms) = preSolution
		Debug|Any CPU = Debug|Any CPU
		Release|Any CPU = Release|Any CPU
	EndGlobalSection
	GlobalSection(ProjectConfigurationPlatforms) = postSolution
		{9B6EE9E6-73B9-47F1-B7DD-D73A732C9062}.Debug|Any CPU.ActiveCfg = Debug|Any CPU
		{9B6EE9E6-73B9-47F1-B7DD-D73A732C9062}.Debug|Any CPU.Build.0 = Debug|Any CPU
		{9B6EE9E6-73B9-47F1-B7DD-D73A732C9062}.Release|Any CPU.ActiveCfg = Release|Any CPU
		{9B6EE9E6-73B9-47F1-B7DD-D73A732C9062}.Release|Any CPU.Build.0 = Release|Any CPU
		{15E64461-88ED-4109-B0AD-1E622A32E7B5}.Debug|Any CPU.ActiveCfg = Debug|Any CPU
		{15E64461-88ED-4109-B0AD-1E622A32E7B5}.Debug|Any CPU.Build.0 = Debug|Any CPU
		{15E64461-88ED-4109-B0AD-1E622A32E7B5}.Release|Any CPU.ActiveCfg = Release|Any CPU
		{15E64461-88ED-4109-B0AD-1E622A32E7B5}.Release|Any CPU.Build.0 = Release|Any CPU
		{C70DF3FE-5C46-45CB-86C1-AB19D09A9063}.Debug|Any CPU.ActiveCfg = Debug|Any CPU
		{C70DF3FE-5C46-45CB-86C1-AB19D09A9063}.Debug|Any CPU.Build.0 = Debug|Any CPU
		{C70DF3FE-5C46-45CB-86C1-AB19D09A9063}.Release|Any CPU.ActiveCfg = Release|Any CPU
		{C70DF3FE-5C46-45CB-86C1-AB19D09A9063}.Release|Any CPU.Build.0 = Release|Any CPU
		{C0193C53-362E-4D4F-B9AD-2E5304BA10A1}.Debug|Any CPU.ActiveCfg = Debug|Any CPU
		{C0193C53-362E-4D4F-B9AD-2E5304BA10A1}.Debug|Any CPU.Build.0 = Debug|Any CPU
		{C0193C53-362E-4D4F-B9AD-2E5304BA10A1}.Release|Any CPU.ActiveCfg = Release|Any CPU
		{C0193C53-362E-4D4F-B9AD-2E5304BA10A1}.Release|Any CPU.Build.0 = Release|Any CPU
		{5B0F4B44-965C-40F0-9A3C-796916B2AA90}.Debug|Any CPU.ActiveCfg = Debug|Any CPU
		{5B0F4B44-965C-40F0-9A3C-796916B2AA90}.Debug|Any CPU.Build.0 = Debug|Any CPU
		{5B0F4B44-965C-40F0-9A3C-796916B2AA90}.Release|Any CPU.ActiveCfg = Release|Any CPU
		{5B0F4B44-965C-40F0-9A3C-796916B2AA90}.Release|Any CPU.Build.0 = Release|Any CPU
		{9044223C-FC67-4EC3-9470-785DA317A11B}.Debug|Any CPU.ActiveCfg = Debug|Any CPU
		{9044223C-FC67-4EC3-9470-785DA317A11B}.Debug|Any CPU.Build.0 = Debug|Any CPU
		{9044223C-FC67-4EC3-9470-785DA317A11B}.Release|Any CPU.ActiveCfg = Release|Any CPU
		{9044223C-FC67-4EC3-9470-785DA317A11B}.Release|Any CPU.Build.0 = Release|Any CPU
		{80D7A084-18AA-4E99-9A93-92C24629D3B9}.Debug|Any CPU.ActiveCfg = Debug|Any CPU
		{80D7A084-18AA-4E99-9A93-92C24629D3B9}.Debug|Any CPU.Build.0 = Debug|Any CPU
		{80D7A084-18AA-4E99-9A93-92C24629D3B9}.Release|Any CPU.ActiveCfg = Release|Any CPU
		{80D7A084-18AA-4E99-9A93-92C24629D3B9}.Release|Any CPU.Build.0 = Release|Any CPU
		{0E616F96-3C65-4157-AC0E-747324E400A3}.Debug|Any CPU.ActiveCfg = Debug|Any CPU
		{0E616F96-3C65-4157-AC0E-747324E400A3}.Debug|Any CPU.Build.0 = Debug|Any CPU
		{0E616F96-3C65-4157-AC0E-747324E400A3}.Release|Any CPU.ActiveCfg = Release|Any CPU
		{0E616F96-3C65-4157-AC0E-747324E400A3}.Release|Any CPU.Build.0 = Release|Any CPU
		{59038F21-25DB-4393-B5DB-B6E77833FD4B}.Debug|Any CPU.ActiveCfg = Debug|Any CPU
		{59038F21-25DB-4393-B5DB-B6E77833FD4B}.Debug|Any CPU.Build.0 = Debug|Any CPU
		{59038F21-25DB-4393-B5DB-B6E77833FD4B}.Release|Any CPU.ActiveCfg = Release|Any CPU
		{59038F21-25DB-4393-B5DB-B6E77833FD4B}.Release|Any CPU.Build.0 = Release|Any CPU
	EndGlobalSection
	GlobalSection(SolutionProperties) = preSolution
		HideSolutionNode = FALSE
	EndGlobalSection
	GlobalSection(NestedProjects) = preSolution
		{9B6EE9E6-73B9-47F1-B7DD-D73A732C9062} = {FC653471-98EE-4337-821A-0D28EB3E75B3}
		{15E64461-88ED-4109-B0AD-1E622A32E7B5} = {FC653471-98EE-4337-821A-0D28EB3E75B3}
		{C70DF3FE-5C46-45CB-86C1-AB19D09A9063} = {FC653471-98EE-4337-821A-0D28EB3E75B3}
		{C0193C53-362E-4D4F-B9AD-2E5304BA10A1} = {FC653471-98EE-4337-821A-0D28EB3E75B3}
		{5B0F4B44-965C-40F0-9A3C-796916B2AA90} = {FC653471-98EE-4337-821A-0D28EB3E75B3}
		{9044223C-FC67-4EC3-9470-785DA317A11B} = {FC653471-98EE-4337-821A-0D28EB3E75B3}
		{80D7A084-18AA-4E99-9A93-92C24629D3B9} = {0338AE99-455B-48F1-82E3-4CD0EC8B1D40}
		{0E616F96-3C65-4157-AC0E-747324E400A3} = {0338AE99-455B-48F1-82E3-4CD0EC8B1D40}
		{59038F21-25DB-4393-B5DB-B6E77833FD4B} = {0338AE99-455B-48F1-82E3-4CD0EC8B1D40}
	EndGlobalSection
	GlobalSection(ExtensibilityGlobals) = postSolution
		SolutionGuid = {80660B11-BABA-4F79-8C70-EBE0DE391C83}
	EndGlobalSection
EndGlobal
